
Microsoft Visual Studio Solution File, Format Version 12.00
# Visual Studio 15
VisualStudioVersion = 15.0.28010.2046
MinimumVisualStudioVersion = 10.0.40219.1
Project("{FAE04EC0-301F-11D3-BF4B-00C04F79EFBC}") = "UinfoAPI", "UinfoAPI\UinfoAPI.csproj", "{C6C05559-A57A-4FE7-BA23-F33F5A29FDA2}"
EndProject
Global
	GlobalSection(SolutionConfigurationPlatforms) = preSolution
		Debug|Any CPU = Debug|Any CPU
		Release|Any CPU = Release|Any CPU
	EndGlobalSection
	GlobalSection(ProjectConfigurationPlatforms) = postSolution
		{C6C05559-A57A-4FE7-BA23-F33F5A29FDA2}.Debug|Any CPU.ActiveCfg = Debug|Any CPU
		{C6C05559-A57A-4FE7-BA23-F33F5A29FDA2}.Debug|Any CPU.Build.0 = Debug|Any CPU
		{C6C05559-A57A-4FE7-BA23-F33F5A29FDA2}.Release|Any CPU.ActiveCfg = Release|Any CPU
		{C6C05559-A57A-4FE7-BA23-F33F5A29FDA2}.Release|Any CPU.Build.0 = Release|Any CPU
	EndGlobalSection
	GlobalSection(SolutionProperties) = preSolution
		HideSolutionNode = FALSE
	EndGlobalSection
	GlobalSection(ExtensibilityGlobals) = postSolution
		SolutionGuid = {B97464A6-2C32-43CA-939B-D1CAF8852F7F}
	EndGlobalSection
EndGlobal
